# THIS IS AN AUTOGENERATED FILE. DO NOT EDIT THIS FILE DIRECTLY.
# yarn lockfile v1


react-hook-form@^7.43.4:
  version "7.43.4"
  resolved "https://registry.yarnpkg.com/react-hook-form/-/react-hook-form-7.43.4.tgz#32c12cce916e2ba50178148a5ef5acffeaae2a3e"
  integrity sha512-JZp05wvmuV8qr3NNDWwyhiQL05sh9E8x/2NoWtkdiyyiezmwOr5pKexlvbCEfBMa7ZYrvzk88G/uhLl47T9b7Q==
